
Microsoft Visual Studio Solution File, Format Version 12.00
# Visual Studio Version 16
VisualStudioVersion = 16.0.30523.141
MinimumVisualStudioVersion = 10.0.40219.1
Project("{FAE04EC0-301F-11D3-BF4B-00C04F79EFBC}") = "lababez3", "lababez3\lababez3.csproj", "{71BFEF27-9623-46BB-9024-131AB74D4A71}"
EndProject
Global
	GlobalSection(SolutionConfigurationPlatforms) = preSolution
		Debug|Any CPU = Debug|Any CPU
		Release|Any CPU = Release|Any CPU
	EndGlobalSection
	GlobalSection(ProjectConfigurationPlatforms) = postSolution
		{71BFEF27-9623-46BB-9024-131AB74D4A71}.Debug|Any CPU.ActiveCfg = Debug|Any CPU
		{71BFEF27-9623-46BB-9024-131AB74D4A71}.Debug|Any CPU.Build.0 = Debug|Any CPU
		{71BFEF27-9623-46BB-9024-131AB74D4A71}.Release|Any CPU.ActiveCfg = Release|Any CPU
		{71BFEF27-9623-46BB-9024-131AB74D4A71}.Release|Any CPU.Build.0 = Release|Any CPU
	EndGlobalSection
	GlobalSection(SolutionProperties) = preSolution
		HideSolutionNode = FALSE
	EndGlobalSection
	GlobalSection(ExtensibilityGlobals) = postSolution
		SolutionGuid = {78AAAD12-45E2-4528-A4B1-3DE1ADA5AD54}
	EndGlobalSection
EndGlobal
